
Microsoft Visual Studio Solution File, Format Version 12.00
# Visual Studio Version 16
VisualStudioVersion = 16.0.30011.22
MinimumVisualStudioVersion = 10.0.40219.1
Project("{9A19103F-16F7-4668-BE54-9A1E7A4F7556}") = "CommonInterfaces", "CommonInterfaces\CommonInterfaces.csproj", "{D889FFBF-4594-4304-9762-0952CAC6C0DA}"
EndProject
Project("{9A19103F-16F7-4668-BE54-9A1E7A4F7556}") = "ModbusCommunication", "ModbusCommunication\ModbusCommunication.csproj", "{92BCFC5F-FB5C-4825-9581-C6CFDD55AAFB}"
EndProject
Project("{9A19103F-16F7-4668-BE54-9A1E7A4F7556}") = "MotorControl", "MotorControl\MotorControl.csproj", "{482645DA-596F-4D8D-944B-B648EFB5FE7B}"
EndProject
Project("{9A19103F-16F7-4668-BE54-9A1E7A4F7556}") = "Simulation", "Simulation\Simulation.csproj", "{582F88FD-2A43-4911-941F-889900229BB4}"
EndProject
Project("{9A19103F-16F7-4668-BE54-9A1E7A4F7556}") = "MotorMonitoring", "MotorMonitoring\MotorMonitoring.csproj", "{08C1B697-99B8-4DF7-96E1-A1DF35239E40}"
EndProject
Project("{9A19103F-16F7-4668-BE54-9A1E7A4F7556}") = "BusSimulation", "BusSimulation\BusSimulation.csproj", "{88D6576F-848F-48DF-9395-3864BCBC150C}"
EndProject
Project("{9A19103F-16F7-4668-BE54-9A1E7A4F7556}") = "DroneSimulation", "DroneSimulation\DroneSimulation.csproj", "{78BCBB96-0534-47FC-AB9A-A4978B196783}"
EndProject
Project("{9A19103F-16F7-4668-BE54-9A1E7A4F7556}") = "MotorInformation", "MotorInformation\MotorInformation.csproj", "{561A4E0B-2A39-47F1-9213-910A41A12E60}"
EndProject
Project("{9A19103F-16F7-4668-BE54-9A1E7A4F7556}") = "BatteryInformation", "BatteryInformation\BatteryInformation.csproj", "{DD6EDF96-A051-4311-AFB2-D70D76D0FA3D}"
EndProject
Project("{9A19103F-16F7-4668-BE54-9A1E7A4F7556}") = "MotorManagement", "MotorManagement\MotorManagement.csproj", "{B8621626-1530-4540-86A5-2CDFAC1DC623}"
EndProject
Project("{9A19103F-16F7-4668-BE54-9A1E7A4F7556}") = "BatteryManagement", "BatteryManagement\BatteryManagement.csproj", "{DCCC1EF0-3D61-4B90-A936-4E887224649D}"
EndProject
Project("{9A19103F-16F7-4668-BE54-9A1E7A4F7556}") = "StatusErrorReporter", "StatusErrorReporter\StatusErrorReporter.csproj", "{193DAC64-17ED-4CC9-9F60-D4D521809F3F}"
EndProject
Project("{9A19103F-16F7-4668-BE54-9A1E7A4F7556}") = "MasterManager", "MasterManager\MasterManager.csproj", "{21E57293-E431-4515-B279-10D343FF9F40}"
EndProject
Project("{9A19103F-16F7-4668-BE54-9A1E7A4F7556}") = "SlaveManager", "SlaveManager\SlaveManager.csproj", "{9E348DF5-7DDB-4D02-B540-E6A245027BDC}"
EndProject
Project("{9A19103F-16F7-4668-BE54-9A1E7A4F7556}") = "CsvManager", "CsvManager\CsvManager.csproj", "{B2600356-8165-43AE-9036-E805EC590646}"
EndProject
Project("{FAE04EC0-301F-11D3-BF4B-00C04F79EFBC}") = "Frontend", "Frontend\Frontend.csproj", "{7994B9AF-B3E3-4B4F-9E32-D7A17EBE4DCB}"
EndProject
Project("{9A19103F-16F7-4668-BE54-9A1E7A4F7556}") = "Logic", "Logic\Logic.csproj", "{D71B54D4-97F7-4CBA-83C1-D4C3B73E722E}"
EndProject
Project("{2150E333-8FDC-42A3-9474-1A3956D46DE8}") = "FrontEnd_part1", "FrontEnd_part1", "{AB7DC67F-6787-4263-B888-187BE7669211}"
EndProject
Project("{2150E333-8FDC-42A3-9474-1A3956D46DE8}") = "Logic_part2", "Logic_part2", "{D90BCBC8-BC99-4EB8-9B96-1BB08A2E9F82}"
EndProject
Project("{2150E333-8FDC-42A3-9474-1A3956D46DE8}") = "ModbusCommunication_part3", "ModbusCommunication_part3", "{090AB86A-F111-4AAC-B50E-A48E0A80767D}"
EndProject
Global
	GlobalSection(SolutionConfigurationPlatforms) = preSolution
		Debug|Any CPU = Debug|Any CPU
		Release|Any CPU = Release|Any CPU
	EndGlobalSection
	GlobalSection(ProjectConfigurationPlatforms) = postSolution
		{D889FFBF-4594-4304-9762-0952CAC6C0DA}.Debug|Any CPU.ActiveCfg = Debug|Any CPU
		{D889FFBF-4594-4304-9762-0952CAC6C0DA}.Debug|Any CPU.Build.0 = Debug|Any CPU
		{D889FFBF-4594-4304-9762-0952CAC6C0DA}.Release|Any CPU.ActiveCfg = Release|Any CPU
		{D889FFBF-4594-4304-9762-0952CAC6C0DA}.Release|Any CPU.Build.0 = Release|Any CPU
		{92BCFC5F-FB5C-4825-9581-C6CFDD55AAFB}.Debug|Any CPU.ActiveCfg = Debug|Any CPU
		{92BCFC5F-FB5C-4825-9581-C6CFDD55AAFB}.Debug|Any CPU.Build.0 = Debug|Any CPU
		{92BCFC5F-FB5C-4825-9581-C6CFDD55AAFB}.Release|Any CPU.ActiveCfg = Release|Any CPU
		{92BCFC5F-FB5C-4825-9581-C6CFDD55AAFB}.Release|Any CPU.Build.0 = Release|Any CPU
		{482645DA-596F-4D8D-944B-B648EFB5FE7B}.Debug|Any CPU.ActiveCfg = Debug|Any CPU
		{482645DA-596F-4D8D-944B-B648EFB5FE7B}.Debug|Any CPU.Build.0 = Debug|Any CPU
		{482645DA-596F-4D8D-944B-B648EFB5FE7B}.Release|Any CPU.ActiveCfg = Release|Any CPU
		{482645DA-596F-4D8D-944B-B648EFB5FE7B}.Release|Any CPU.Build.0 = Release|Any CPU
		{582F88FD-2A43-4911-941F-889900229BB4}.Debug|Any CPU.ActiveCfg = Debug|Any CPU
		{582F88FD-2A43-4911-941F-889900229BB4}.Debug|Any CPU.Build.0 = Debug|Any CPU
		{582F88FD-2A43-4911-941F-889900229BB4}.Release|Any CPU.ActiveCfg = Release|Any CPU
		{582F88FD-2A43-4911-941F-889900229BB4}.Release|Any CPU.Build.0 = Release|Any CPU
		{08C1B697-99B8-4DF7-96E1-A1DF35239E40}.Debug|Any CPU.ActiveCfg = Debug|Any CPU
		{08C1B697-99B8-4DF7-96E1-A1DF35239E40}.Debug|Any CPU.Build.0 = Debug|Any CPU
		{08C1B697-99B8-4DF7-96E1-A1DF35239E40}.Release|Any CPU.ActiveCfg = Release|Any CPU
		{08C1B697-99B8-4DF7-96E1-A1DF35239E40}.Release|Any CPU.Build.0 = Release|Any CPU
		{88D6576F-848F-48DF-9395-3864BCBC150C}.Debug|Any CPU.ActiveCfg = Debug|Any CPU
		{88D6576F-848F-48DF-9395-3864BCBC150C}.Debug|Any CPU.Build.0 = Debug|Any CPU
		{88D6576F-848F-48DF-9395-3864BCBC150C}.Release|Any CPU.ActiveCfg = Release|Any CPU
		{88D6576F-848F-48DF-9395-3864BCBC150C}.Release|Any CPU.Build.0 = Release|Any CPU
		{78BCBB96-0534-47FC-AB9A-A4978B196783}.Debug|Any CPU.ActiveCfg = Debug|Any CPU
		{78BCBB96-0534-47FC-AB9A-A4978B196783}.Debug|Any CPU.Build.0 = Debug|Any CPU
		{78BCBB96-0534-47FC-AB9A-A4978B196783}.Release|Any CPU.ActiveCfg = Release|Any CPU
		{78BCBB96-0534-47FC-AB9A-A4978B196783}.Release|Any CPU.Build.0 = Release|Any CPU
		{561A4E0B-2A39-47F1-9213-910A41A12E60}.Debug|Any CPU.ActiveCfg = Debug|Any CPU
		{561A4E0B-2A39-47F1-9213-910A41A12E60}.Debug|Any CPU.Build.0 = Debug|Any CPU
		{561A4E0B-2A39-47F1-9213-910A41A12E60}.Release|Any CPU.ActiveCfg = Release|Any CPU
		{561A4E0B-2A39-47F1-9213-910A41A12E60}.Release|Any CPU.Build.0 = Release|Any CPU
		{DD6EDF96-A051-4311-AFB2-D70D76D0FA3D}.Debug|Any CPU.ActiveCfg = Debug|Any CPU
		{DD6EDF96-A051-4311-AFB2-D70D76D0FA3D}.Debug|Any CPU.Build.0 = Debug|Any CPU
		{DD6EDF96-A051-4311-AFB2-D70D76D0FA3D}.Release|Any CPU.ActiveCfg = Release|Any CPU
		{DD6EDF96-A051-4311-AFB2-D70D76D0FA3D}.Release|Any CPU.Build.0 = Release|Any CPU
		{B8621626-1530-4540-86A5-2CDFAC1DC623}.Debug|Any CPU.ActiveCfg = Debug|Any CPU
		{B8621626-1530-4540-86A5-2CDFAC1DC623}.Debug|Any CPU.Build.0 = Debug|Any CPU
		{B8621626-1530-4540-86A5-2CDFAC1DC623}.Release|Any CPU.ActiveCfg = Release|Any CPU
		{B8621626-1530-4540-86A5-2CDFAC1DC623}.Release|Any CPU.Build.0 = Release|Any CPU
		{DCCC1EF0-3D61-4B90-A936-4E887224649D}.Debug|Any CPU.ActiveCfg = Debug|Any CPU
		{DCCC1EF0-3D61-4B90-A936-4E887224649D}.Debug|Any CPU.Build.0 = Debug|Any CPU
		{DCCC1EF0-3D61-4B90-A936-4E887224649D}.Release|Any CPU.ActiveCfg = Release|Any CPU
		{DCCC1EF0-3D61-4B90-A936-4E887224649D}.Release|Any CPU.Build.0 = Release|Any CPU
		{193DAC64-17ED-4CC9-9F60-D4D521809F3F}.Debug|Any CPU.ActiveCfg = Debug|Any CPU
		{193DAC64-17ED-4CC9-9F60-D4D521809F3F}.Debug|Any CPU.Build.0 = Debug|Any CPU
		{193DAC64-17ED-4CC9-9F60-D4D521809F3F}.Release|Any CPU.ActiveCfg = Release|Any CPU
		{193DAC64-17ED-4CC9-9F60-D4D521809F3F}.Release|Any CPU.Build.0 = Release|Any CPU
		{21E57293-E431-4515-B279-10D343FF9F40}.Debug|Any CPU.ActiveCfg = Debug|Any CPU
		{21E57293-E431-4515-B279-10D343FF9F40}.Debug|Any CPU.Build.0 = Debug|Any CPU
		{21E57293-E431-4515-B279-10D343FF9F40}.Release|Any CPU.ActiveCfg = Release|Any CPU
		{21E57293-E431-4515-B279-10D343FF9F40}.Release|Any CPU.Build.0 = Release|Any CPU
		{9E348DF5-7DDB-4D02-B540-E6A245027BDC}.Debug|Any CPU.ActiveCfg = Debug|Any CPU
		{9E348DF5-7DDB-4D02-B540-E6A245027BDC}.Debug|Any CPU.Build.0 = Debug|Any CPU
		{9E348DF5-7DDB-4D02-B540-E6A245027BDC}.Release|Any CPU.ActiveCfg = Release|Any CPU
		{9E348DF5-7DDB-4D02-B540-E6A245027BDC}.Release|Any CPU.Build.0 = Release|Any CPU
		{B2600356-8165-43AE-9036-E805EC590646}.Debug|Any CPU.ActiveCfg = Debug|Any CPU
		{B2600356-8165-43AE-9036-E805EC590646}.Debug|Any CPU.Build.0 = Debug|Any CPU
		{B2600356-8165-43AE-9036-E805EC590646}.Release|Any CPU.ActiveCfg = Release|Any CPU
		{B2600356-8165-43AE-9036-E805EC590646}.Release|Any CPU.Build.0 = Release|Any CPU
		{7994B9AF-B3E3-4B4F-9E32-D7A17EBE4DCB}.Debug|Any CPU.ActiveCfg = Debug|Any CPU
		{7994B9AF-B3E3-4B4F-9E32-D7A17EBE4DCB}.Debug|Any CPU.Build.0 = Debug|Any CPU
		{7994B9AF-B3E3-4B4F-9E32-D7A17EBE4DCB}.Release|Any CPU.ActiveCfg = Release|Any CPU
		{7994B9AF-B3E3-4B4F-9E32-D7A17EBE4DCB}.Release|Any CPU.Build.0 = Release|Any CPU
		{D71B54D4-97F7-4CBA-83C1-D4C3B73E722E}.Debug|Any CPU.ActiveCfg = Debug|Any CPU
		{D71B54D4-97F7-4CBA-83C1-D4C3B73E722E}.Debug|Any CPU.Build.0 = Debug|Any CPU
		{D71B54D4-97F7-4CBA-83C1-D4C3B73E722E}.Release|Any CPU.ActiveCfg = Release|Any CPU
		{D71B54D4-97F7-4CBA-83C1-D4C3B73E722E}.Release|Any CPU.Build.0 = Release|Any CPU
	EndGlobalSection
	GlobalSection(SolutionProperties) = preSolution
		HideSolutionNode = FALSE
	EndGlobalSection
	GlobalSection(NestedProjects) = preSolution
		{92BCFC5F-FB5C-4825-9581-C6CFDD55AAFB} = {090AB86A-F111-4AAC-B50E-A48E0A80767D}
		{482645DA-596F-4D8D-944B-B648EFB5FE7B} = {AB7DC67F-6787-4263-B888-187BE7669211}
		{582F88FD-2A43-4911-941F-889900229BB4} = {AB7DC67F-6787-4263-B888-187BE7669211}
		{08C1B697-99B8-4DF7-96E1-A1DF35239E40} = {AB7DC67F-6787-4263-B888-187BE7669211}
		{88D6576F-848F-48DF-9395-3864BCBC150C} = {090AB86A-F111-4AAC-B50E-A48E0A80767D}
		{78BCBB96-0534-47FC-AB9A-A4978B196783} = {AB7DC67F-6787-4263-B888-187BE7669211}
		{561A4E0B-2A39-47F1-9213-910A41A12E60} = {AB7DC67F-6787-4263-B888-187BE7669211}
		{DD6EDF96-A051-4311-AFB2-D70D76D0FA3D} = {AB7DC67F-6787-4263-B888-187BE7669211}
		{B8621626-1530-4540-86A5-2CDFAC1DC623} = {D90BCBC8-BC99-4EB8-9B96-1BB08A2E9F82}
		{DCCC1EF0-3D61-4B90-A936-4E887224649D} = {D90BCBC8-BC99-4EB8-9B96-1BB08A2E9F82}
		{193DAC64-17ED-4CC9-9F60-D4D521809F3F} = {D90BCBC8-BC99-4EB8-9B96-1BB08A2E9F82}
		{21E57293-E431-4515-B279-10D343FF9F40} = {090AB86A-F111-4AAC-B50E-A48E0A80767D}
		{9E348DF5-7DDB-4D02-B540-E6A245027BDC} = {090AB86A-F111-4AAC-B50E-A48E0A80767D}
		{B2600356-8165-43AE-9036-E805EC590646} = {AB7DC67F-6787-4263-B888-187BE7669211}
		{7994B9AF-B3E3-4B4F-9E32-D7A17EBE4DCB} = {AB7DC67F-6787-4263-B888-187BE7669211}
		{D71B54D4-97F7-4CBA-83C1-D4C3B73E722E} = {D90BCBC8-BC99-4EB8-9B96-1BB08A2E9F82}
	EndGlobalSection
	GlobalSection(ExtensibilityGlobals) = postSolution
		SolutionGuid = {56529F44-13A4-4222-A3F9-2980A1DAB412}
	EndGlobalSection
EndGlobal
